
Microsoft Visual Studio Solution File, Format Version 12.00
# Visual Studio Version 17
VisualStudioVersion = 17.2.32630.192
MinimumVisualStudioVersion = 10.0.40219.1
Project("{9A19103F-16F7-4668-BE54-9A1E7A4F7556}") = "AddressBook", "AddressBook.csproj", "{37992626-6954-425C-ABF6-2326BC52B2F1}"
EndProject
Project("{2150E333-8FDC-42A3-9474-1A3956D46DE8}") = "Solution Items", "Solution Items", "{05900150-6DA4-4380-97E6-B61B836D331B}"
	ProjectSection(SolutionItems) = preProject
		.editorconfig = .editorconfig
	EndProjectSection
EndProject
Project("{FAE04EC0-301F-11D3-BF4B-00C04F79EFBC}") = "AddressBook.Tests", "AddressBook.Tests\AddressBook.Tests.csproj", "{71CC0300-F7CF-44A8-94D4-F0B38082DC75}"
EndProject
Global
	GlobalSection(SolutionConfigurationPlatforms) = preSolution
		Debug|Any CPU = Debug|Any CPU
		Release|Any CPU = Release|Any CPU
	EndGlobalSection
	GlobalSection(ProjectConfigurationPlatforms) = postSolution
		{37992626-6954-425C-ABF6-2326BC52B2F1}.Debug|Any CPU.ActiveCfg = Debug|Any CPU
		{37992626-6954-425C-ABF6-2326BC52B2F1}.Debug|Any CPU.Build.0 = Debug|Any CPU
		{37992626-6954-425C-ABF6-2326BC52B2F1}.Release|Any CPU.ActiveCfg = Release|Any CPU
		{37992626-6954-425C-ABF6-2326BC52B2F1}.Release|Any CPU.Build.0 = Release|Any CPU
		{71CC0300-F7CF-44A8-94D4-F0B38082DC75}.Debug|Any CPU.ActiveCfg = Debug|Any CPU
		{71CC0300-F7CF-44A8-94D4-F0B38082DC75}.Debug|Any CPU.Build.0 = Debug|Any CPU
		{71CC0300-F7CF-44A8-94D4-F0B38082DC75}.Release|Any CPU.ActiveCfg = Release|Any CPU
		{71CC0300-F7CF-44A8-94D4-F0B38082DC75}.Release|Any CPU.Build.0 = Release|Any CPU
	EndGlobalSection
	GlobalSection(SolutionProperties) = preSolution
		HideSolutionNode = FALSE
	EndGlobalSection
	GlobalSection(ExtensibilityGlobals) = postSolution
		SolutionGuid = {F1CDFCAE-94FB-432B-BE7F-B4E5BF9E6A00}
	EndGlobalSection
EndGlobal
